
Microsoft Visual Studio Solution File, Format Version 12.00
# Visual Studio 15
VisualStudioVersion = 15.0.27130.2024
MinimumVisualStudioVersion = 10.0.40219.1
Project("{FAE04EC0-301F-11D3-BF4B-00C04F79EFBC}") = "TheSecondGame", "TheSecondGame\TheSecondGame.csproj", "{19E0E594-B4C3-423E-AA6B-77468D9549AA}"
EndProject
Global
	GlobalSection(SolutionConfigurationPlatforms) = preSolution
		Debug|Any CPU = Debug|Any CPU
		Release|Any CPU = Release|Any CPU
	EndGlobalSection
	GlobalSection(ProjectConfigurationPlatforms) = postSolution
		{19E0E594-B4C3-423E-AA6B-77468D9549AA}.Debug|Any CPU.ActiveCfg = Debug|Any CPU
		{19E0E594-B4C3-423E-AA6B-77468D9549AA}.Debug|Any CPU.Build.0 = Debug|Any CPU
		{19E0E594-B4C3-423E-AA6B-77468D9549AA}.Release|Any CPU.ActiveCfg = Release|Any CPU
		{19E0E594-B4C3-423E-AA6B-77468D9549AA}.Release|Any CPU.Build.0 = Release|Any CPU
	EndGlobalSection
	GlobalSection(SolutionProperties) = preSolution
		HideSolutionNode = FALSE
	EndGlobalSection
	GlobalSection(ExtensibilityGlobals) = postSolution
		SolutionGuid = {B743F006-AE1E-4A5D-9BCC-D135C7EA7319}
	EndGlobalSection
EndGlobal
